
Microsoft Visual Studio Solution File, Format Version 12.00
# Visual Studio Version 17
VisualStudioVersion = 17.1.32228.430
MinimumVisualStudioVersion = 10.0.40219.1
Project("{FAE04EC0-301F-11D3-BF4B-00C04F79EFBC}") = "MvcMovie", "MvcMovie\MvcMovie.csproj", "{F7C44C41-040C-4873-BEEF-CEAC44FE5DCA}"
EndProject
Global
	GlobalSection(SolutionConfigurationPlatforms) = preSolution
		Debug|Any CPU = Debug|Any CPU
		Release|Any CPU = Release|Any CPU
	EndGlobalSection
	GlobalSection(ProjectConfigurationPlatforms) = postSolution
		{F7C44C41-040C-4873-BEEF-CEAC44FE5DCA}.Debug|Any CPU.ActiveCfg = Debug|Any CPU
		{F7C44C41-040C-4873-BEEF-CEAC44FE5DCA}.Debug|Any CPU.Build.0 = Debug|Any CPU
		{F7C44C41-040C-4873-BEEF-CEAC44FE5DCA}.Release|Any CPU.ActiveCfg = Release|Any CPU
		{F7C44C41-040C-4873-BEEF-CEAC44FE5DCA}.Release|Any CPU.Build.0 = Release|Any CPU
	EndGlobalSection
	GlobalSection(SolutionProperties) = preSolution
		HideSolutionNode = FALSE
	EndGlobalSection
	GlobalSection(ExtensibilityGlobals) = postSolution
		SolutionGuid = {5A1CB228-C8C7-41A8-810B-0F48BC0578DB}
	EndGlobalSection
EndGlobal
